Microsoft Visual Studio Solution File, Format Version 11.00
# Visual Studio 2008

Project("{B4232888-9537-9E81-3388-32A3FB728623}") = "Circuit Game", "Assembly-CSharp-firstpass.csproj", "{A5ED4688-B3A5-2C56-2F33-03FC8C41E124}"
EndProject
Project("{B4232888-9537-9E81-3388-32A3FB728623}") = "Circuit Game", "Assembly-UnityScript-firstpass.unityproj", "{4650770F-CE43-B616-95B8-3201223D5A38}"
EndProject
Project("{B4232888-9537-9E81-3388-32A3FB728623}") = "Circuit Game", "Assembly-UnityScript.unityproj", "{37FB2436-FCBC-EF0B-7587-91612B9707CF}"
EndProject
Global
	GlobalSection(SolutionConfigurationPlatforms) = preSolution
		Debug|Any CPU = Debug|Any CPU
		Release|Any CPU = Release|Any CPU
	EndGlobalSection
	GlobalSection(ProjectConfigurationPlatforms) = postSolution
		{A5ED4688-B3A5-2C56-2F33-03FC8C41E124}.Debug|Any CPU.ActiveCfg = Debug|Any CPU
		{A5ED4688-B3A5-2C56-2F33-03FC8C41E124}.Debug|Any CPU.Build.0 = Debug|Any CPU
		{A5ED4688-B3A5-2C56-2F33-03FC8C41E124}.Release|Any CPU.ActiveCfg = Release|Any CPU
		{A5ED4688-B3A5-2C56-2F33-03FC8C41E124}.Release|Any CPU.Build.0 = Release|Any CPU
		{4650770F-CE43-B616-95B8-3201223D5A38}.Debug|Any CPU.ActiveCfg = Debug|Any CPU
		{4650770F-CE43-B616-95B8-3201223D5A38}.Debug|Any CPU.Build.0 = Debug|Any CPU
		{4650770F-CE43-B616-95B8-3201223D5A38}.Release|Any CPU.ActiveCfg = Release|Any CPU
		{4650770F-CE43-B616-95B8-3201223D5A38}.Release|Any CPU.Build.0 = Release|Any CPU
		{37FB2436-FCBC-EF0B-7587-91612B9707CF}.Debug|Any CPU.ActiveCfg = Debug|Any CPU
		{37FB2436-FCBC-EF0B-7587-91612B9707CF}.Debug|Any CPU.Build.0 = Debug|Any CPU
		{37FB2436-FCBC-EF0B-7587-91612B9707CF}.Release|Any CPU.ActiveCfg = Release|Any CPU
		{37FB2436-FCBC-EF0B-7587-91612B9707CF}.Release|Any CPU.Build.0 = Release|Any CPU
	EndGlobalSection
	GlobalSection(SolutionProperties) = preSolution
		HideSolutionNode = FALSE
	EndGlobalSection
																				GlobalSection(MonoDevelopProperties) = preSolution
		StartupItem = Assembly-CSharp.csproj
		Policies = $0
		$0.TextStylePolicy = $1
		$1.inheritsSet = null
		$1.scope = text/x-csharp
		$0.CSharpFormattingPolicy = $2
		$2.inheritsSet = Mono
		$2.inheritsScope = text/x-csharp
		$2.scope = text/x-csharp
		$0.TextStylePolicy = $3
		$3.FileWidth = 120
		$3.TabWidth = 4
		$3.EolMarker = Unix
		$3.inheritsSet = Mono
		$3.inheritsScope = text/plain
		$3.scope = text/plain
	EndGlobalSection

EndGlobal
